
Microsoft Visual Studio Solution File, Format Version 12.00
# Visual Studio Version 17
VisualStudioVersion = 17.14.36327.8 d17.14
MinimumVisualStudioVersion = 10.0.40219.1
Project("{FAE04EC0-301F-11D3-BF4B-00C04F79EFBC}") = "CyberCity.AutoMapper", "CyberCity_AutoMapper\CyberCity.AutoMapper.csproj", "{A65CF706-D154-4F24-AB89-8FBDC319024B}"
EndProject
Project("{FAE04EC0-301F-11D3-BF4B-00C04F79EFBC}") = "CyberCity.Application", "CyberCity.Application\CyberCity.Application.csproj", "{86C9CA2F-33CB-4CF4-ABE9-3B9641327CF9}"
EndProject
Project("{FAE04EC0-301F-11D3-BF4B-00C04F79EFBC}") = "CyberCity.Controller", "CyberCity.Controller\CyberCity.Controller.csproj", "{E1FD2718-5DB1-408D-BE2F-62A7DCD903E6}"
EndProject
Project("{FAE04EC0-301F-11D3-BF4B-00C04F79EFBC}") = "CyberCity.Doman", "CyberCity.Doman\CyberCity.Doman.csproj", "{89F753A0-EE7C-412E-8C80-E3E859C4A021}"
EndProject
Project("{FAE04EC0-301F-11D3-BF4B-00C04F79EFBC}") = "CyberCity.DTOs", "CyberCity.DTOs\CyberCity.DTOs.csproj", "{EC2EE1B0-0FDB-48D9-A3D2-F6B215E2FC8B}"
EndProject
Project("{FAE04EC0-301F-11D3-BF4B-00C04F79EFBC}") = "CyberCity.Infrastructure", "CyberCity.Infrastructure\CyberCity.Infrastructure.csproj", "{B36571AC-94FE-4D75-8614-58C7BADDD2FA}"
EndProject
Global
	GlobalSection(SolutionConfigurationPlatforms) = preSolution
		Debug|Any CPU = Debug|Any CPU
		Release|Any CPU = Release|Any CPU
	EndGlobalSection
	GlobalSection(ProjectConfigurationPlatforms) = postSolution
		{A65CF706-D154-4F24-AB89-8FBDC319024B}.Debug|Any CPU.ActiveCfg = Debug|Any CPU
		{A65CF706-D154-4F24-AB89-8FBDC319024B}.Debug|Any CPU.Build.0 = Debug|Any CPU
		{A65CF706-D154-4F24-AB89-8FBDC319024B}.Release|Any CPU.ActiveCfg = Release|Any CPU
		{A65CF706-D154-4F24-AB89-8FBDC319024B}.Release|Any CPU.Build.0 = Release|Any CPU
		{86C9CA2F-33CB-4CF4-ABE9-3B9641327CF9}.Debug|Any CPU.ActiveCfg = Debug|Any CPU
		{86C9CA2F-33CB-4CF4-ABE9-3B9641327CF9}.Debug|Any CPU.Build.0 = Debug|Any CPU
		{86C9CA2F-33CB-4CF4-ABE9-3B9641327CF9}.Release|Any CPU.ActiveCfg = Release|Any CPU
		{86C9CA2F-33CB-4CF4-ABE9-3B9641327CF9}.Release|Any CPU.Build.0 = Release|Any CPU
		{E1FD2718-5DB1-408D-BE2F-62A7DCD903E6}.Debug|Any CPU.ActiveCfg = Debug|Any CPU
		{E1FD2718-5DB1-408D-BE2F-62A7DCD903E6}.Debug|Any CPU.Build.0 = Debug|Any CPU
		{E1FD2718-5DB1-408D-BE2F-62A7DCD903E6}.Release|Any CPU.ActiveCfg = Release|Any CPU
		{E1FD2718-5DB1-408D-BE2F-62A7DCD903E6}.Release|Any CPU.Build.0 = Release|Any CPU
		{89F753A0-EE7C-412E-8C80-E3E859C4A021}.Debug|Any CPU.ActiveCfg = Debug|Any CPU
		{89F753A0-EE7C-412E-8C80-E3E859C4A021}.Debug|Any CPU.Build.0 = Debug|Any CPU
		{89F753A0-EE7C-412E-8C80-E3E859C4A021}.Release|Any CPU.ActiveCfg = Release|Any CPU
		{89F753A0-EE7C-412E-8C80-E3E859C4A021}.Release|Any CPU.Build.0 = Release|Any CPU
		{EC2EE1B0-0FDB-48D9-A3D2-F6B215E2FC8B}.Debug|Any CPU.ActiveCfg = Debug|Any CPU
		{EC2EE1B0-0FDB-48D9-A3D2-F6B215E2FC8B}.Debug|Any CPU.Build.0 = Debug|Any CPU
		{EC2EE1B0-0FDB-48D9-A3D2-F6B215E2FC8B}.Release|Any CPU.ActiveCfg = Release|Any CPU
		{EC2EE1B0-0FDB-48D9-A3D2-F6B215E2FC8B}.Release|Any CPU.Build.0 = Release|Any CPU
		{B36571AC-94FE-4D75-8614-58C7BADDD2FA}.Debug|Any CPU.ActiveCfg = Debug|Any CPU
		{B36571AC-94FE-4D75-8614-58C7BADDD2FA}.Debug|Any CPU.Build.0 = Debug|Any CPU
		{B36571AC-94FE-4D75-8614-58C7BADDD2FA}.Release|Any CPU.ActiveCfg = Release|Any CPU
		{B36571AC-94FE-4D75-8614-58C7BADDD2FA}.Release|Any CPU.Build.0 = Release|Any CPU
	EndGlobalSection
	GlobalSection(SolutionProperties) = preSolution
		HideSolutionNode = FALSE
	EndGlobalSection
	GlobalSection(ExtensibilityGlobals) = postSolution
		SolutionGuid = {282DF0EE-BC6E-4CFB-8C24-53E98A88FBF2}
	EndGlobalSection
EndGlobal
